<?xml version="1.0" encoding="utf-8"?>
<Project ToolsVersion="4.0" xmlns="http://schemas.microsoft.com/developer/msbuild/2003">
  <ItemGroup>
    <Filter Include="ソース ファイル">
      <UniqueIdentifier>{4FC737F1-C7A5-4376-A066-2A32D752A2FF}</UniqueIdentifier>
      <Extensions>cpp;c;cc;cxx;def;odl;idl;hpj;bat;asm;asmx</Extensions>
    </Filter>
    <Filter Include="ヘッダー ファイル">
      <UniqueIdentifier>{93995380-89BD-4b04-88EB-625FBE52EBFB}</UniqueIdentifier>
      <Extensions>h;hh;hpp;hxx;hm;inl;inc;ipp;xsd</Extensions>
    </Filter>
    <Filter Include="リソース ファイル">
      <UniqueIdentifier>{67DA6AB6-F800-4c08-8B7A-83BB121AAD01}</UniqueIdentifier>
      <Extensions>rc;ico;cur;bmp;dlg;rc2;rct;bin;rgs;gif;jpg;jpeg;jpe;resx;tiff;tif;png;wav;mfcribbon-ms</Extensions>
    </Filter>
  </ItemGroup>
  <ItemGroup>
    <ClCompile Include="zbar\config.c">
      <Filter>ソース ファイル</Filter>
    </ClCompile>
    <ClCompile Include="zbar\decoder.c">
      <Filter>ソース ファイル</Filter>
    </ClCompile>
    <ClCompile Include="zbar\error.c">
      <Filter>ソース ファイル</Filter>
    </ClCompile>
    <ClCompile Include="zbar\image.c">
      <Filter>ソース ファイル</Filter>
    </ClCompile>
    <ClCompile Include="zbar\img_scanner.c">
      <Filter>ソース ファイル</Filter>
    </ClCompile>
    <ClCompile Include="zbar\refcnt.c">
      <Filter>ソース ファイル</Filter>
    </ClCompile>
    <ClCompile Include="zbar\scanner.c">
      <Filter>ソース ファイル</Filter>
    </ClCompile>
    <ClCompile Include="zbar\symbol.c">
      <Filter>ソース ファイル</Filter>
    </ClCompile>
    <ClCompile Include="zbar\decoder\codabar.c">
      <Filter>ソース ファイル</Filter>
    </ClCompile>
    <ClCompile Include="zbar\decoder\code39.c">
      <Filter>ソース ファイル</Filter>
    </ClCompile>
    <ClCompile Include="zbar\decoder\code93.c">
      <Filter>ソース ファイル</Filter>
    </ClCompile>
    <ClCompile Include="zbar\decoder\code128.c">
      <Filter>ソース ファイル</Filter>
    </ClCompile>
    <ClCompile Include="zbar\decoder\databar.c">
      <Filter>ソース ファイル</Filter>
    </ClCompile>
    <ClCompile Include="zbar\decoder\ean.c">
      <Filter>ソース ファイル</Filter>
    </ClCompile>
    <ClCompile Include="zbar\decoder\i25.c">
      <Filter>ソース ファイル</Filter>
    </ClCompile>
    <ClCompile Include="zbar\decoder\pdf417.c">
      <Filter>ソース ファイル</Filter>
    </ClCompile>
    <ClCompile Include="zbar\convert.c">
      <Filter>ソース ファイル</Filter>
    </ClCompile>
  </ItemGroup>
  <ItemGroup>
    <ClInclude Include="zbar\debug.h">
      <Filter>ヘッダー ファイル</Filter>
    </ClInclude>
    <ClInclude Include="zbar\decoder.h">
      <Filter>ヘッダー ファイル</Filter>
    </ClInclude>
    <ClInclude Include="zbar\error.h">
      <Filter>ヘッダー ファイル</Filter>
    </ClInclude>
    <ClInclude Include="zbar\event.h">
      <Filter>ヘッダー ファイル</Filter>
    </ClInclude>
    <ClInclude Include="zbar\image.h">
      <Filter>ヘッダー ファイル</Filter>
    </ClInclude>
    <ClInclude Include="zbar\img_scanner.h">
      <Filter>ヘッダー ファイル</Filter>
    </ClInclude>
    <ClInclude Include="zbar\mutex.h">
      <Filter>ヘッダー ファイル</Filter>
    </ClInclude>
    <ClInclude Include="zbar\qrcode.h">
      <Filter>ヘッダー ファイル</Filter>
    </ClInclude>
    <ClInclude Include="zbar\refcnt.h">
      <Filter>ヘッダー ファイル</Filter>
    </ClInclude>
    <ClInclude Include="zbar\symbol.h">
      <Filter>ヘッダー ファイル</Filter>
    </ClInclude>
    <ClInclude Include="zbar\thread.h">
      <Filter>ヘッダー ファイル</Filter>
    </ClInclude>
    <ClInclude Include="zbar\timer.h">
      <Filter>ヘッダー ファイル</Filter>
    </ClInclude>
    <ClInclude Include="include\zbar.h">
      <Filter>ヘッダー ファイル</Filter>
    </ClInclude>
    <ClInclude Include="include\zbar\Window.h">
      <Filter>ヘッダー ファイル</Filter>
    </ClInclude>
    <ClInclude Include="include\zbar\Decoder.h">
      <Filter>ヘッダー ファイル</Filter>
    </ClInclude>
    <ClInclude Include="include\zbar\Exception.h">
      <Filter>ヘッダー ファイル</Filter>
    </ClInclude>
    <ClInclude Include="include\zbar\Image.h">
      <Filter>ヘッダー ファイル</Filter>
    </ClInclude>
    <ClInclude Include="include\zbar\ImageScanner.h">
      <Filter>ヘッダー ファイル</Filter>
    </ClInclude>
    <ClInclude Include="include\zbar\Processor.h">
      <Filter>ヘッダー ファイル</Filter>
    </ClInclude>
    <ClInclude Include="include\zbar\QZBar.h">
      <Filter>ヘッダー ファイル</Filter>
    </ClInclude>
    <ClInclude Include="include\zbar\QZBarImage.h">
      <Filter>ヘッダー ファイル</Filter>
    </ClInclude>
    <ClInclude Include="include\zbar\Scanner.h">
      <Filter>ヘッダー ファイル</Filter>
    </ClInclude>
    <ClInclude Include="include\zbar\Symbol.h">
      <Filter>ヘッダー ファイル</Filter>
    </ClInclude>
    <ClInclude Include="include\zbar\Video.h">
      <Filter>ヘッダー ファイル</Filter>
    </ClInclude>
    <ClInclude Include="zbar\decoder\codabar.h">
      <Filter>ヘッダー ファイル</Filter>
    </ClInclude>
    <ClInclude Include="zbar\decoder\code39.h">
      <Filter>ヘッダー ファイル</Filter>
    </ClInclude>
    <ClInclude Include="zbar\decoder\code93.h">
      <Filter>ヘッダー ファイル</Filter>
    </ClInclude>
    <ClInclude Include="zbar\decoder\code128.h">
      <Filter>ヘッダー ファイル</Filter>
    </ClInclude>
    <ClInclude Include="zbar\decoder\databar.h">
      <Filter>ヘッダー ファイル</Filter>
    </ClInclude>
    <ClInclude Include="zbar\decoder\ean.h">
      <Filter>ヘッダー ファイル</Filter>
    </ClInclude>
    <ClInclude Include="zbar\decoder\i25.h">
      <Filter>ヘッダー ファイル</Filter>
    </ClInclude>
    <ClInclude Include="zbar\decoder\pdf417.h">
      <Filter>ヘッダー ファイル</Filter>
    </ClInclude>
    <ClInclude Include="zbar\decoder\pdf417_hash.h">
      <Filter>ヘッダー ファイル</Filter>
    </ClInclude>
    <ClInclude Include="config.h">
      <Filter>ヘッダー ファイル</Filter>
    </ClInclude>
  </ItemGroup>
  <ItemGroup>
    <ResourceCompile Include="zbar\libzbar.rc">
      <Filter>リソース ファイル</Filter>
    </ResourceCompile>
  </ItemGroup>
  <ItemGroup>
    <None Include="zbar.def">
      <Filter>ソース ファイル</Filter>
    </None>
  </ItemGroup>
</Project>